
Microsoft Visual Studio Solution File, Format Version 12.00
# Visual Studio Version 16
VisualStudioVersion = 16.0.29728.190
MinimumVisualStudioVersion = 10.0.40219.1
Project("{FAE04EC0-301F-11D3-BF4B-00C04F79EFBC}") = "CityInfo.API", "CityInfo.API\CityInfo.API.csproj", "{1DD1D753-5E52-4CB7-8628-81AD3C47BD3D}"
EndProject
Global
	GlobalSection(SolutionConfigurationPlatforms) = preSolution
		Debug|Any CPU = Debug|Any CPU
		Release|Any CPU = Release|Any CPU
	EndGlobalSection
	GlobalSection(ProjectConfigurationPlatforms) = postSolution
		{1DD1D753-5E52-4CB7-8628-81AD3C47BD3D}.Debug|Any CPU.ActiveCfg = Debug|Any CPU
		{1DD1D753-5E52-4CB7-8628-81AD3C47BD3D}.Debug|Any CPU.Build.0 = Debug|Any CPU
		{1DD1D753-5E52-4CB7-8628-81AD3C47BD3D}.Release|Any CPU.ActiveCfg = Release|Any CPU
		{1DD1D753-5E52-4CB7-8628-81AD3C47BD3D}.Release|Any CPU.Build.0 = Release|Any CPU
	EndGlobalSection
	GlobalSection(SolutionProperties) = preSolution
		HideSolutionNode = FALSE
	EndGlobalSection
	GlobalSection(ExtensibilityGlobals) = postSolution
		SolutionGuid = {E9A559B7-FB62-4B10-A1E7-8B5FDFC623A3}
	EndGlobalSection
EndGlobal
